// !$*UTF8*$!
{
	archiveVersion = 1;
	classes = {
	};
	objectVersion = 46;
	objects = {

/* Begin PBXBuildFile section */
		EB012DF01CDF5CBA00F5E74F /* AppDelegate.swift in Sources */ = {isa = PBXBuildFile; fileRef = EB012DEF1CDF5CBA00F5E74F /* AppDelegate.swift */; };
		EB012DF71CDF5CBA00F5E74F /* Main.storyboard in Resources */ = {isa = PBXBuildFile; fileRef = EB012DF51CDF5CBA00F5E74F /* Main.storyboard */; };
		EB012DF91CDF5CBA00F5E74F /* Assets.xcassets in Resources */ = {isa = PBXBuildFile; fileRef = EB012DF81CDF5CBA00F5E74F /* Assets.xcassets */; };
		EB012DFC1CDF5CBA00F5E74F /* LaunchScreen.storyboard in Resources */ = {isa = PBXBuildFile; fileRef = EB012DFA1CDF5CBA00F5E74F /* LaunchScreen.storyboard */; };
		EB012E071CDF5CBA00F5E74F /* ZagZigTests.swift in Sources */ = {isa = PBXBuildFile; fileRef = EB012E061CDF5CBA00F5E74F /* ZagZigTests.swift */; };
		EB012E121CDF5CBA00F5E74F /* ZagZigUITests.swift in Sources */ = {isa = PBXBuildFile; fileRef = EB012E111CDF5CBA00F5E74F /* ZagZigUITests.swift */; };
		EB012E201CDF669F00F5E74F /* ShoppingMallsTableViewController.swift in Sources */ = {isa = PBXBuildFile; fileRef = EB012E1F1CDF669F00F5E74F /* ShoppingMallsTableViewController.swift */; };
		EB012E221CDF67D000F5E74F /* ShoppingMallCell.swift in Sources */ = {isa = PBXBuildFile; fileRef = EB012E211CDF67D000F5E74F /* ShoppingMallCell.swift */; };
		EB012E241CDF687200F5E74F /* ShoppingMall.swift in Sources */ = {isa = PBXBuildFile; fileRef = EB012E231CDF687200F5E74F /* ShoppingMall.swift */; };
		EB012E261CDF694B00F5E74F /* pageList.json in Resources */ = {isa = PBXBuildFile; fileRef = EB012E251CDF694B00F5E74F /* pageList.json */; };
		EB012E281CDF8F5000F5E74F /* PageDetailViewController.swift in Sources */ = {isa = PBXBuildFile; fileRef = EB012E271CDF8F5000F5E74F /* PageDetailViewController.swift */; };
		EB756FD41CE16BAB00650AB4 /* AnnotatedPhotoCell.swift in Sources */ = {isa = PBXBuildFile; fileRef = EB756FD31CE16BAB00650AB4 /* AnnotatedPhotoCell.swift */; };
		EB756FD61CE16BBA00650AB4 /* Photo.swift in Sources */ = {isa = PBXBuildFile; fileRef = EB756FD51CE16BBA00650AB4 /* Photo.swift */; };
		EB756FD81CE16C2B00650AB4 /* UIImage+Decompression.swift in Sources */ = {isa = PBXBuildFile; fileRef = EB756FD71CE16C2B00650AB4 /* UIImage+Decompression.swift */; };
		EB756FDA1CE16C8100650AB4 /* PhotoStreamViewController.swift in Sources */ = {isa = PBXBuildFile; fileRef = EB756FD91CE16C8100650AB4 /* PhotoStreamViewController.swift */; };
		EB756FDC1CE16C8C00650AB4 /* RoundedCornersView.swift in Sources */ = {isa = PBXBuildFile; fileRef = EB756FDB1CE16C8C00650AB4 /* RoundedCornersView.swift */; };
		EB756FDE1CE16F8A00650AB4 /* items.json in Resources */ = {isa = PBXBuildFile; fileRef = EB756FDD1CE16F8A00650AB4 /* items.json */; };
		EB756FE01CE16F9600650AB4 /* img in Resources */ = {isa = PBXBuildFile; fileRef = EB756FDF1CE16F9600650AB4 /* img */; };
		EB756FE21CE174EA00650AB4 /* PinterestLayout.swift in Sources */ = {isa = PBXBuildFile; fileRef = EB756FE11CE174EA00650AB4 /* PinterestLayout.swift */; };
/* End PBXBuildFile section */

/* Begin PBXContainerItemProxy section */
		EB012E031CDF5CBA00F5E74F /* PBXContainerItemProxy */ = {
			isa = PBXContainerItemProxy;
			containerPortal = EB012DE41CDF5CBA00F5E74F /* Project object */;
			proxyType = 1;
			remoteGlobalIDString = EB012DEB1CDF5CBA00F5E74F;
			remoteInfo = ZagZig;
		};
		EB012E0E1CDF5CBA00F5E74F /* PBXContainerItemProxy */ = {
			isa = PBXContainerItemProxy;
			containerPortal = EB012DE41CDF5CBA00F5E74F /* Project object */;
			proxyType = 1;
			remoteGlobalIDString = EB012DEB1CDF5CBA00F5E74F;
			remoteInfo = ZagZig;
		};
/* End PBXContainerItemProxy section */

/* Begin PBXFileReference section */
		EB012DEC1CDF5CBA00F5E74F /* ZagZig.app */ = {isa = PBXFileReference; explicitFileType = wrapper.application; includeInIndex = 0; path = ZagZig.app; sourceTree = BUILT_PRODUCTS_DIR; };
		EB012DEF1CDF5CBA00F5E74F /* AppDelegate.swift */ = {isa = PBXFileReference; lastKnownFileType = sourcecode.swift; path = AppDelegate.swift; sourceTree = "<group>"; };
		EB012DF61CDF5CBA00F5E74F /* Base */ = {isa = PBXFileReference; lastKnownFileType = file.storyboard; name = Base; path = Base.lproj/Main.storyboard; sourceTree = "<group>"; };
		EB012DF81CDF5CBA00F5E74F /* Assets.xcassets */ = {isa = PBXFileReference; lastKnownFileType = folder.assetcatalog; path = Assets.xcassets; sourceTree = "<group>"; };
		EB012DFB1CDF5CBA00F5E74F /* Base */ = {isa = PBXFileReference; lastKnownFileType = file.storyboard; name = Base; path = Base.lproj/LaunchScreen.storyboard; sourceTree = "<group>"; };
		EB012DFD1CDF5CBA00F5E74F /* Info.plist */ = {isa = PBXFileReference; lastKnownFileType = text.plist.xml; path = Info.plist; sourceTree = "<group>"; };
		EB012E021CDF5CBA00F5E74F /* ZagZigTests.xctest */ = {isa = PBXFileReference; explicitFileType = wrapper.cfbundle; includeInIndex = 0; path = ZagZigTests.xctest; sourceTree = BUILT_PRODUCTS_DIR; };
		EB012E061CDF5CBA00F5E74F /* ZagZigTests.swift */ = {isa = PBXFileReference; lastKnownFileType = sourcecode.swift; path = ZagZigTests.swift; sourceTree = "<group>"; };
		EB012E081CDF5CBA00F5E74F /* Info.plist */ = {isa = PBXFileReference; lastKnownFileType = text.plist.xml; path = Info.plist; sourceTree = "<group>"; };
		EB012E0D1CDF5CBA00F5E74F /* ZagZigUITests.xctest */ = {isa = PBXFileReference; explicitFileType = wrapper.cfbundle; includeInIndex = 0; path = ZagZigUITests.xctest; sourceTree = BUILT_PRODUCTS_DIR; };
		EB012E111CDF5CBA00F5E74F /* ZagZigUITests.swift */ = {isa = PBXFileReference; lastKnownFileType = sourcecode.swift; path = ZagZigUITests.swift; sourceTree = "<group>"; };
		EB012E131CDF5CBA00F5E74F /* Info.plist */ = {isa = PBXFileReference; lastKnownFileType = text.plist.xml; path = Info.plist; sourceTree = "<group>"; };
		EB012E1F1CDF669F00F5E74F /* ShoppingMallsTableViewController.swift */ = {isa = PBXFileReference; fileEncoding = 4; lastKnownFileType = sourcecode.swift; path = ShoppingMallsTableViewController.swift; sourceTree = "<group>"; };
		EB012E211CDF67D000F5E74F /* ShoppingMallCell.swift */ = {isa = PBXFileReference; fileEncoding = 4; lastKnownFileType = sourcecode.swift; path = ShoppingMallCell.swift; sourceTree = "<group>"; };
		EB012E231CDF687200F5E74F /* ShoppingMall.swift */ = {isa = PBXFileReference; fileEncoding = 4; lastKnownFileType = sourcecode.swift; path = ShoppingMall.swift; sourceTree = "<group>"; };
		EB012E251CDF694B00F5E74F /* pageList.json */ = {isa = PBXFileReference; fileEncoding = 4; lastKnownFileType = text.json; path = pageList.json; sourceTree = "<group>"; };
		EB012E271CDF8F5000F5E74F /* PageDetailViewController.swift */ = {isa = PBXFileReference; fileEncoding = 4; lastKnownFileType = sourcecode.swift; path = PageDetailViewController.swift; sourceTree = "<group>"; };
		EB756FD31CE16BAB00650AB4 /* AnnotatedPhotoCell.swift */ = {isa = PBXFileReference; fileEncoding = 4; lastKnownFileType = sourcecode.swift; path = AnnotatedPhotoCell.swift; sourceTree = "<group>"; };
		EB756FD51CE16BBA00650AB4 /* Photo.swift */ = {isa = PBXFileReference; fileEncoding = 4; lastKnownFileType = sourcecode.swift; path = Photo.swift; sourceTree = "<group>"; };
		EB756FD71CE16C2B00650AB4 /* UIImage+Decompression.swift */ = {isa = PBXFileReference; fileEncoding = 4; lastKnownFileType = sourcecode.swift; path = "UIImage+Decompression.swift"; sourceTree = "<group>"; };
		EB756FD91CE16C8100650AB4 /* PhotoStreamViewController.swift */ = {isa = PBXFileReference; fileEncoding = 4; lastKnownFileType = sourcecode.swift; path = PhotoStreamViewController.swift; sourceTree = "<group>"; };
		EB756FDB1CE16C8C00650AB4 /* RoundedCornersView.swift */ = {isa = PBXFileReference; fileEncoding = 4; lastKnownFileType = sourcecode.swift; path = RoundedCornersView.swift; sourceTree = "<group>"; };
		EB756FDD1CE16F8A00650AB4 /* items.json */ = {isa = PBXFileReference; fileEncoding = 4; lastKnownFileType = text.json; path = items.json; sourceTree = "<group>"; };
		EB756FDF1CE16F9600650AB4 /* img */ = {isa = PBXFileReference; lastKnownFileType = folder; path = img; sourceTree = "<group>"; };
		EB756FE11CE174EA00650AB4 /* PinterestLayout.swift */ = {isa = PBXFileReference; fileEncoding = 4; lastKnownFileType = sourcecode.swift; path = PinterestLayout.swift; sourceTree = "<group>"; };
/* End PBXFileReference section */

/* Begin PBXFrameworksBuildPhase section */
		EB012DE91CDF5CBA00F5E74F /* Frameworks */ = {
			isa = PBXFrameworksBuildPhase;
			buildActionMask = 2147483647;
			files = (
			);
			runOnlyForDeploymentPostprocessing = 0;
		};
		EB012DFF1CDF5CBA00F5E74F /* Frameworks */ = {
			isa = PBXFrameworksBuildPhase;
			buildActionMask = 2147483647;
			files = (
			);
			runOnlyForDeploymentPostprocessing = 0;
		};
		EB012E0A1CDF5CBA00F5E74F /* Frameworks */ = {
			isa = PBXFrameworksBuildPhase;
			buildActionMask = 2147483647;
			files = (
			);
			runOnlyForDeploymentPostprocessing = 0;
		};
/* End PBXFrameworksBuildPhase section */

/* Begin PBXGroup section */
		EB012DE31CDF5CBA00F5E74F = {
			isa = PBXGroup;
			children = (
				EB012DEE1CDF5CBA00F5E74F /* ZagZig */,
				EB012E051CDF5CBA00F5E74F /* ZagZigTests */,
				EB012E101CDF5CBA00F5E74F /* ZagZigUITests */,
				EB012DED1CDF5CBA00F5E74F /* Products */,
			);
			sourceTree = "<group>";
		};
		EB012DED1CDF5CBA00F5E74F /* Products */ = {
			isa = PBXGroup;
			children = (
				EB012DEC1CDF5CBA00F5E74F /* ZagZig.app */,
				EB012E021CDF5CBA00F5E74F /* ZagZigTests.xctest */,
				EB012E0D1CDF5CBA00F5E74F /* ZagZigUITests.xctest */,
			);
			name = Products;
			sourceTree = "<group>";
		};
		EB012DEE1CDF5CBA00F5E74F /* ZagZig */ = {
			isa = PBXGroup;
			children = (
				EB756FDF1CE16F9600650AB4 /* img */,
				EB756FDD1CE16F8A00650AB4 /* items.json */,
				EB012E251CDF694B00F5E74F /* pageList.json */,
				EB012DEF1CDF5CBA00F5E74F /* AppDelegate.swift */,
				EB012DF51CDF5CBA00F5E74F /* Main.storyboard */,
				EB012DF81CDF5CBA00F5E74F /* Assets.xcassets */,
				EB012DFA1CDF5CBA00F5E74F /* LaunchScreen.storyboard */,
				EB012DFD1CDF5CBA00F5E74F /* Info.plist */,
				EB012E1F1CDF669F00F5E74F /* ShoppingMallsTableViewController.swift */,
				EB012E211CDF67D000F5E74F /* ShoppingMallCell.swift */,
				EB012E231CDF687200F5E74F /* ShoppingMall.swift */,
				EB012E271CDF8F5000F5E74F /* PageDetailViewController.swift */,
				EB756FD31CE16BAB00650AB4 /* AnnotatedPhotoCell.swift */,
				EB756FD51CE16BBA00650AB4 /* Photo.swift */,
				EB756FD71CE16C2B00650AB4 /* UIImage+Decompression.swift */,
				EB756FD91CE16C8100650AB4 /* PhotoStreamViewController.swift */,
				EB756FDB1CE16C8C00650AB4 /* RoundedCornersView.swift */,
				EB756FE11CE174EA00650AB4 /* PinterestLayout.swift */,
			);
			path = ZagZig;
			sourceTree = "<group>";
		};
		EB012E051CDF5CBA00F5E74F /* ZagZigTests */ = {
			isa = PBXGroup;
			children = (
				EB012E061CDF5CBA00F5E74F /* ZagZigTests.swift */,
				EB012E081CDF5CBA00F5E74F /* Info.plist */,
			);
			path = ZagZigTests;
			sourceTree = "<group>";
		};
		EB012E101CDF5CBA00F5E74F /* ZagZigUITests */ = {
			isa = PBXGroup;
			children = (
				EB012E111CDF5CBA00F5E74F /* ZagZigUITests.swift */,
				EB012E131CDF5CBA00F5E74F /* Info.plist */,
			);
			path = ZagZigUITests;
			sourceTree = "<group>";
		};
/* End PBXGroup section */

/* Begin PBXNativeTarget section */
		EB012DEB1CDF5CBA00F5E74F /* ZagZig */ = {
			isa = PBXNativeTarget;
			buildConfigurationList = EB012E161CDF5CBA00F5E74F /* Build configuration list for PBXNativeTarget "ZagZig" */;
			buildPhases = (
				EB012DE81CDF5CBA00F5E74F /* Sources */,
				EB012DE91CDF5CBA00F5E74F /* Frameworks */,
				EB012DEA1CDF5CBA00F5E74F /* Resources */,
			);
			buildRules = (
			);
			dependencies = (
			);
			name = ZagZig;
			productName = ZagZig;
			productReference = EB012DEC1CDF5CBA00F5E74F /* ZagZig.app */;
			productType = "com.apple.product-type.application";
		};
		EB012E011CDF5CBA00F5E74F /* ZagZigTests */ = {
			isa = PBXNativeTarget;
			buildConfigurationList = EB012E191CDF5CBA00F5E74F /* Build configuration list for PBXNativeTarget "ZagZigTests" */;
			buildPhases = (
				EB012DFE1CDF5CBA00F5E74F /* Sources */,
				EB012DFF1CDF5CBA00F5E74F /* Frameworks */,
				EB012E001CDF5CBA00F5E74F /* Resources */,
			);
			buildRules = (
			);
			dependencies = (
				EB012E041CDF5CBA00F5E74F /* PBXTargetDependency */,
			);
			name = ZagZigTests;
			productName = ZagZigTests;
			productReference = EB012E021CDF5CBA00F5E74F /* ZagZigTests.xctest */;
			productType = "com.apple.product-type.bundle.unit-test";
		};
		EB012E0C1CDF5CBA00F5E74F /* ZagZigUITests */ = {
			isa = PBXNativeTarget;
			buildConfigurationList = EB012E1C1CDF5CBA00F5E74F /* Build configuration list for PBXNativeTarget "ZagZigUITests" */;
			buildPhases = (
				EB012E091CDF5CBA00F5E74F /* Sources */,
				EB012E0A1CDF5CBA00F5E74F /* Frameworks */,
				EB012E0B1CDF5CBA00F5E74F /* Resources */,
			);
			buildRules = (
			);
			dependencies = (
				EB012E0F1CDF5CBA00F5E74F /* PBXTargetDependency */,
			);
			name = ZagZigUITests;
			productName = ZagZigUITests;
			productReference = EB012E0D1CDF5CBA00F5E74F /* ZagZigUITests.xctest */;
			productType = "com.apple.product-type.bundle.ui-testing";
		};
/* End PBXNativeTarget section */

/* Begin PBXProject section */
		EB012DE41CDF5CBA00F5E74F /* Project object */ = {
			isa = PBXProject;
			attributes = {
				LastSwiftUpdateCheck = 0730;
				LastUpgradeCheck = 0730;
				ORGANIZATIONNAME = seojungwon;
				TargetAttributes = {
					EB012DEB1CDF5CBA00F5E74F = {
						CreatedOnToolsVersion = 7.3.1;
					};
					EB012E011CDF5CBA00F5E74F = {
						CreatedOnToolsVersion = 7.3.1;
						TestTargetID = EB012DEB1CDF5CBA00F5E74F;
					};
					EB012E0C1CDF5CBA00F5E74F = {
						CreatedOnToolsVersion = 7.3.1;
						TestTargetID = EB012DEB1CDF5CBA00F5E74F;
					};
				};
			};
			buildConfigurationList = EB012DE71CDF5CBA00F5E74F /* Build configuration list for PBXProject "ZagZig" */;
			compatibilityVersion = "Xcode 3.2";
			developmentRegion = English;
			hasScannedForEncodings = 0;
			knownRegions = (
				en,
				Base,
			);
			mainGroup = EB012DE31CDF5CBA00F5E74F;
			productRefGroup = EB012DED1CDF5CBA00F5E74F /* Products */;
			projectDirPath = "";
			projectRoot = "";
			targets = (
				EB012DEB1CDF5CBA00F5E74F /* ZagZig */,
				EB012E011CDF5CBA00F5E74F /* ZagZigTests */,
				EB012E0C1CDF5CBA00F5E74F /* ZagZigUITests */,
			);
		};
/* End PBXProject section */

/* Begin PBXResourcesBuildPhase section */
		EB012DEA1CDF5CBA00F5E74F /* Resources */ = {
			isa = PBXResourcesBuildPhase;
			buildActionMask = 2147483647;
			files = (
				EB756FE01CE16F9600650AB4 /* img in Resources */,
				EB012DFC1CDF5CBA00F5E74F /* LaunchScreen.storyboard in Resources */,
				EB012DF91CDF5CBA00F5E74F /* Assets.xcassets in Resources */,
				EB756FDE1CE16F8A00650AB4 /* items.json in Resources */,
				EB012E261CDF694B00F5E74F /* pageList.json in Resources */,
				EB012DF71CDF5CBA00F5E74F /* Main.storyboard in Resources */,
			);
			runOnlyForDeploymentPostprocessing = 0;
		};
		EB012E001CDF5CBA00F5E74F /* Resources */ = {
			isa = PBXResourcesBuildPhase;
			buildActionMask = 2147483647;
			files = (
			);
			runOnlyForDeploymentPostprocessing = 0;
		};
		EB012E0B1CDF5CBA00F5E74F /* Resources */ = {
			isa = PBXResourcesBuildPhase;
			buildActionMask = 2147483647;
			files = (
			);
			runOnlyForDeploymentPostprocessing = 0;
		};
/* End PBXResourcesBuildPhase section */

/* Begin PBXSourcesBuildPhase section */
		EB012DE81CDF5CBA00F5E74F /* Sources */ = {
			isa = PBXSourcesBuildPhase;
			buildActionMask = 2147483647;
			files = (
				EB756FDA1CE16C8100650AB4 /* PhotoStreamViewController.swift in Sources */,
				EB756FD61CE16BBA00650AB4 /* Photo.swift in Sources */,
				EB012DF01CDF5CBA00F5E74F /* AppDelegate.swift in Sources */,
				EB756FDC1CE16C8C00650AB4 /* RoundedCornersView.swift in Sources */,
				EB756FD41CE16BAB00650AB4 /* AnnotatedPhotoCell.swift in Sources */,
				EB012E221CDF67D000F5E74F /* ShoppingMallCell.swift in Sources */,
				EB012E201CDF669F00F5E74F /* ShoppingMallsTableViewController.swift in Sources */,
				EB756FE21CE174EA00650AB4 /* PinterestLayout.swift in Sources */,
				EB756FD81CE16C2B00650AB4 /* UIImage+Decompression.swift in Sources */,
				EB012E281CDF8F5000F5E74F /* PageDetailViewController.swift in Sources */,
				EB012E241CDF687200F5E74F /* ShoppingMall.swift in Sources */,
			);
			runOnlyForDeploymentPostprocessing = 0;
		};
		EB012DFE1CDF5CBA00F5E74F /* Sources */ = {
			isa = PBXSourcesBuildPhase;
			buildActionMask = 2147483647;
			files = (
				EB012E071CDF5CBA00F5E74F /* ZagZigTests.swift in Sources */,
			);
			runOnlyForDeploymentPostprocessing = 0;
		};
		EB012E091CDF5CBA00F5E74F /* Sources */ = {
			isa = PBXSourcesBuildPhase;
			buildActionMask = 2147483647;
			files = (
				EB012E121CDF5CBA00F5E74F /* ZagZigUITests.swift in Sources */,
			);
			runOnlyForDeploymentPostprocessing = 0;
		};
/* End PBXSourcesBuildPhase section */

/* Begin PBXTargetDependency section */
		EB012E041CDF5CBA00F5E74F /* PBXTargetDependency */ = {
			isa = PBXTargetDependency;
			target = EB012DEB1CDF5CBA00F5E74F /* ZagZig */;
			targetProxy = EB012E031CDF5CBA00F5E74F /* PBXContainerItemProxy */;
		};
		EB012E0F1CDF5CBA00F5E74F /* PBXTargetDependency */ = {
			isa = PBXTargetDependency;
			target = EB012DEB1CDF5CBA00F5E74F /* ZagZig */;
			targetProxy = EB012E0E1CDF5CBA00F5E74F /* PBXContainerItemProxy */;
		};
/* End PBXTargetDependency section */

/* Begin PBXVariantGroup section */
		EB012DF51CDF5CBA00F5E74F /* Main.storyboard */ = {
			isa = PBXVariantGroup;
			children = (
				EB012DF61CDF5CBA00F5E74F /* Base */,
			);
			name = Main.storyboard;
			sourceTree = "<group>";
		};
		EB012DFA1CDF5CBA00F5E74F /* LaunchScreen.storyboard */ = {
			isa = PBXVariantGroup;
			children = (
				EB012DFB1CDF5CBA00F5E74F /* Base */,
			);
			name = LaunchScreen.storyboard;
			sourceTree = "<group>";
		};
/* End PBXVariantGroup section */

/* Begin XCBuildConfiguration section */
		EB012E141CDF5CBA00F5E74F /* Debug */ = {
			isa = XCBuildConfiguration;
			buildSettings = {
				ALWAYS_SEARCH_USER_PATHS = NO;
				CLANG_ANALYZER_NONNULL = YES;
				CLANG_CXX_LANGUAGE_STANDARD = "gnu++0x";
				CLANG_CXX_LIBRARY = "libc++";
				CLANG_ENABLE_MODULES = YES;
				CLANG_ENABLE_OBJC_ARC = YES;
				CLANG_WARN_BOOL_CONVERSION = YES;
				CLANG_WARN_CONSTANT_CONVERSION = YES;
				CLANG_WARN_DIRECT_OBJC_ISA_USAGE = YES_ERROR;
				CLANG_WARN_EMPTY_BODY = YES;
				CLANG_WARN_ENUM_CONVERSION = YES;
				CLANG_WARN_INT_CONVERSION = YES;
				CLANG_WARN_OBJC_ROOT_CLASS = YES_ERROR;
				CLANG_WARN_UNREACHABLE_CODE = YES;
				CLANG_WARN__DUPLICATE_METHOD_MATCH = YES;
				"CODE_SIGN_IDENTITY[sdk=iphoneos*]" = "iPhone Developer";
				COPY_PHASE_STRIP = NO;
				DEBUG_INFORMATION_FORMAT = dwarf;
				ENABLE_STRICT_OBJC_MSGSEND = YES;
				ENABLE_TESTABILITY = YES;
				GCC_C_LANGUAGE_STANDARD = gnu99;
				GCC_DYNAMIC_NO_PIC = NO;
				GCC_NO_COMMON_BLOCKS = YES;
				GCC_OPTIMIZATION_LEVEL = 0;
				GCC_PREPROCESSOR_DEFINITIONS = (
					"DEBUG=1",
					"$(inherited)",
				);
				GCC_WARN_64_TO_32_BIT_CONVERSION = YES;
				GCC_WARN_ABOUT_RETURN_TYPE = YES_ERROR;
				GCC_WARN_UNDECLARED_SELECTOR = YES;
				GCC_WARN_UNINITIALIZED_AUTOS = YES_AGGRESSIVE;
				GCC_WARN_UNUSED_FUNCTION = YES;
				GCC_WARN_UNUSED_VARIABLE = YES;
				IPHONEOS_DEPLOYMENT_TARGET = 9.3;
				MTL_ENABLE_DEBUG_INFO = YES;
				ONLY_ACTIVE_ARCH = YES;
				SDKROOT = iphoneos;
				SWIFT_OPTIMIZATION_LEVEL = "-Onone";
				TARGETED_DEVICE_FAMILY = "1,2";
			};
			name = Debug;
		};
		EB012E151CDF5CBA00F5E74F /* Release */ = {
			isa = XCBuildConfiguration;
			buildSettings = {
				ALWAYS_SEARCH_USER_PATHS = NO;
				CLANG_ANALYZER_NONNULL = YES;
				CLANG_CXX_LANGUAGE_STANDARD = "gnu++0x";
				CLANG_CXX_LIBRARY = "libc++";
				CLANG_ENABLE_MODULES = YES;
				CLANG_ENABLE_OBJC_ARC = YES;
				CLANG_WARN_BOOL_CONVERSION = YES;
				CLANG_WARN_CONSTANT_CONVERSION = YES;
				CLANG_WARN_DIRECT_OBJC_ISA_USAGE = YES_ERROR;
				CLANG_WARN_EMPTY_BODY = YES;
				CLANG_WARN_ENUM_CONVERSION = YES;
				CLANG_WARN_INT_CONVERSION = YES;
				CLANG_WARN_OBJC_ROOT_CLASS = YES_ERROR;
				CLANG_WARN_UNREACHABLE_CODE = YES;
				CLANG_WARN__DUPLICATE_METHOD_MATCH = YES;
				"CODE_SIGN_IDENTITY[sdk=iphoneos*]" = "iPhone Developer";
				COPY_PHASE_STRIP = NO;
				DEBUG_INFORMATION_FORMAT = "dwarf-with-dsym";
				ENABLE_NS_ASSERTIONS = NO;
				ENABLE_STRICT_OBJC_MSGSEND = YES;
				GCC_C_LANGUAGE_STANDARD = gnu99;
				GCC_NO_COMMON_BLOCKS = YES;
				GCC_WARN_64_TO_32_BIT_CONVERSION = YES;
				GCC_WARN_ABOUT_RETURN_TYPE = YES_ERROR;
				GCC_WARN_UNDECLARED_SELECTOR = YES;
				GCC_WARN_UNINITIALIZED_AUTOS = YES_AGGRESSIVE;
				GCC_WARN_UNUSED_FUNCTION = YES;
				GCC_WARN_UNUSED_VARIABLE = YES;
				IPHONEOS_DEPLOYMENT_TARGET = 9.3;
				MTL_ENABLE_DEBUG_INFO = NO;
				SDKROOT = iphoneos;
				TARGETED_DEVICE_FAMILY = "1,2";
				VALIDATE_PRODUCT = YES;
			};
			name = Release;
		};
		EB012E171CDF5CBA00F5E74F /* Debug */ = {
			isa = XCBuildConfiguration;
			buildSettings = {
				ASSETCATALOG_COMPILER_APPICON_NAME = AppIcon;
				INFOPLIST_FILE = ZagZig/Info.plist;
				LD_RUNPATH_SEARCH_PATHS = "$(inherited) @executable_path/Frameworks";
				PRODUCT_BUNDLE_IDENTIFIER = com.ZagZig;
				PRODUCT_NAME = "$(TARGET_NAME)";
			};
			name = Debug;
		};
		EB012E181CDF5CBA00F5E74F /* Release */ = {
			isa = XCBuildConfiguration;
			buildSettings = {
				ASSETCATALOG_COMPILER_APPICON_NAME = AppIcon;
				INFOPLIST_FILE = ZagZig/Info.plist;
				LD_RUNPATH_SEARCH_PATHS = "$(inherited) @executable_path/Frameworks";
				PRODUCT_BUNDLE_IDENTIFIER = com.ZagZig;
				PRODUCT_NAME = "$(TARGET_NAME)";
			};
			name = Release;
		};
		EB012E1A1CDF5CBA00F5E74F /* Debug */ = {
			isa = XCBuildConfiguration;
			buildSettings = {
				BUNDLE_LOADER = "$(TEST_HOST)";
				INFOPLIST_FILE = ZagZigTests/Info.plist;
				LD_RUNPATH_SEARCH_PATHS = "$(inherited) @executable_path/Frameworks @loader_path/Frameworks";
				PRODUCT_BUNDLE_IDENTIFIER = com.ZagZigTests;
				PRODUCT_NAME = "$(TARGET_NAME)";
				TEST_HOST = "$(BUILT_PRODUCTS_DIR)/ZagZig.app/ZagZig";
			};
			name = Debug;
		};
		EB012E1B1CDF5CBA00F5E74F /* Release */ = {
			isa = XCBuildConfiguration;
			buildSettings = {
				BUNDLE_LOADER = "$(TEST_HOST)";
				INFOPLIST_FILE = ZagZigTests/Info.plist;
				LD_RUNPATH_SEARCH_PATHS = "$(inherited) @executable_path/Frameworks @loader_path/Frameworks";
				PRODUCT_BUNDLE_IDENTIFIER = com.ZagZigTests;
				PRODUCT_NAME = "$(TARGET_NAME)";
				TEST_HOST = "$(BUILT_PRODUCTS_DIR)/ZagZig.app/ZagZig";
			};
			name = Release;
		};
		EB012E1D1CDF5CBA00F5E74F /* Debug */ = {
			isa = XCBuildConfiguration;
			buildSettings = {
				INFOPLIST_FILE = ZagZigUITests/Info.plist;
				LD_RUNPATH_SEARCH_PATHS = "$(inherited) @executable_path/Frameworks @loader_path/Frameworks";
				PRODUCT_BUNDLE_IDENTIFIER = com.ZagZigUITests;
				PRODUCT_NAME = "$(TARGET_NAME)";
				TEST_TARGET_NAME = ZagZig;
			};
			name = Debug;
		};
		EB012E1E1CDF5CBA00F5E74F /* Release */ = {
			isa = XCBuildConfiguration;
			buildSettings = {
				INFOPLIST_FILE = ZagZigUITests/Info.plist;
				LD_RUNPATH_SEARCH_PATHS = "$(inherited) @executable_path/Frameworks @loader_path/Frameworks";
				PRODUCT_BUNDLE_IDENTIFIER = com.ZagZigUITests;
				PRODUCT_NAME = "$(TARGET_NAME)";
				TEST_TARGET_NAME = ZagZig;
			};
			name = Release;
		};
/* End XCBuildConfiguration section */

/* Begin XCConfigurationList section */
		EB012DE71CDF5CBA00F5E74F /* Build configuration list for PBXProject "ZagZig" */ = {
			isa = XCConfigurationList;
			buildConfigurations = (
				EB012E141CDF5CBA00F5E74F /* Debug */,
				EB012E151CDF5CBA00F5E74F /* Release */,
			);
			defaultConfigurationIsVisible = 0;
			defaultConfigurationName = Release;
		};
		EB012E161CDF5CBA00F5E74F /* Build configuration list for PBXNativeTarget "ZagZig" */ = {
			isa = XCConfigurationList;
			buildConfigurations = (
				EB012E171CDF5CBA00F5E74F /* Debug */,
				EB012E181CDF5CBA00F5E74F /* Release */,
			);
			defaultConfigurationIsVisible = 0;
			defaultConfigurationName = Release;
		};
		EB012E191CDF5CBA00F5E74F /* Build configuration list for PBXNativeTarget "ZagZigTests" */ = {
			isa = XCConfigurationList;
			buildConfigurations = (
				EB012E1A1CDF5CBA00F5E74F /* Debug */,
				EB012E1B1CDF5CBA00F5E74F /* Release */,
			);
			defaultConfigurationIsVisible = 0;
			defaultConfigurationName = Release;
		};
		EB012E1C1CDF5CBA00F5E74F /* Build configuration list for PBXNativeTarget "ZagZigUITests" */ = {
			isa = XCConfigurationList;
			buildConfigurations = (
				EB012E1D1CDF5CBA00F5E74F /* Debug */,
				EB012E1E1CDF5CBA00F5E74F /* Release */,
			);
			defaultConfigurationIsVisible = 0;
			defaultConfigurationName = Release;
		};
/* End XCConfigurationList section */
	};
	rootObject = EB012DE41CDF5CBA00F5E74F /* Project object */;
}
